
Microsoft Visual Studio Solution File, Format Version 12.00
# Visual Studio Version 16
VisualStudioVersion = 16.0.31910.168
MinimumVisualStudioVersion = 10.0.40219.1
Project("{FAE04EC0-301F-11D3-BF4B-00C04F79EFBC}") = "QuizGaming", "QuizGaming\QuizGaming.csproj", "{DAF891C8-D8E7-4F13-8191-957E66464837}"
EndProject
Global
	GlobalSection(SolutionConfigurationPlatforms) = preSolution
		Debug|Any CPU = Debug|Any CPU
		Release|Any CPU = Release|Any CPU
	EndGlobalSection
	GlobalSection(ProjectConfigurationPlatforms) = postSolution
		{DAF891C8-D8E7-4F13-8191-957E66464837}.Debug|Any CPU.ActiveCfg = Debug|Any CPU
		{DAF891C8-D8E7-4F13-8191-957E66464837}.Debug|Any CPU.Build.0 = Debug|Any CPU
		{DAF891C8-D8E7-4F13-8191-957E66464837}.Release|Any CPU.ActiveCfg = Release|Any CPU
		{DAF891C8-D8E7-4F13-8191-957E66464837}.Release|Any CPU.Build.0 = Release|Any CPU
	EndGlobalSection
	GlobalSection(SolutionProperties) = preSolution
		HideSolutionNode = FALSE
	EndGlobalSection
	GlobalSection(ExtensibilityGlobals) = postSolution
		SolutionGuid = {AB6C340D-6D69-49BF-8FB1-0B24FD0D62A6}
	EndGlobalSection
EndGlobal
